
Microsoft Visual Studio Solution File, Format Version 12.00
# Visual Studio Version 17
VisualStudioVersion = 17.3.32929.385
MinimumVisualStudioVersion = 10.0.40219.1
Project("{FAE04EC0-301F-11D3-BF4B-00C04F79EFBC}") = "OttCraft", "OttCraft\OttCraft.csproj", "{36FA11D6-B0E3-4370-BE13-55C717543DDE}"
EndProject
Global
	GlobalSection(SolutionConfigurationPlatforms) = preSolution
		Debug|Any CPU = Debug|Any CPU
		Release|Any CPU = Release|Any CPU
	EndGlobalSection
	GlobalSection(ProjectConfigurationPlatforms) = postSolution
		{36FA11D6-B0E3-4370-BE13-55C717543DDE}.Debug|Any CPU.ActiveCfg = Debug|Any CPU
		{36FA11D6-B0E3-4370-BE13-55C717543DDE}.Debug|Any CPU.Build.0 = Debug|Any CPU
		{36FA11D6-B0E3-4370-BE13-55C717543DDE}.Release|Any CPU.ActiveCfg = Release|Any CPU
		{36FA11D6-B0E3-4370-BE13-55C717543DDE}.Release|Any CPU.Build.0 = Release|Any CPU
	EndGlobalSection
	GlobalSection(SolutionProperties) = preSolution
		HideSolutionNode = FALSE
	EndGlobalSection
	GlobalSection(ExtensibilityGlobals) = postSolution
		SolutionGuid = {D288E985-C984-4AC2-A16F-304597D7CC7F}
	EndGlobalSection
EndGlobal
